{
  "name": "movie-booking-system",
  "version": "1.0.0",
  "lockfileVersion": 3,
  "requires": true,
  "packages": {
    "": {
      "name": "movie-booking-system",
      "version": "1.0.0",
      "license": "ISC",
      "dependencies": {
        "serverless-http": "^4.0.0"
      },
      "devDependencies": {
        "@types/aws-lambda": "^8.10.163"
      }
    },
    "node_modules/@types/aws-lambda": {
      "version": "8.10.163",
      "resolved": "https://registry.npmjs.org/@types/aws-lambda/-/aws-lambda-8.10.163.tgz",
      "integrity": "sha512-+4zuoEB3S8RIhimtOFT7zAEk2SbpwrKjjGl9CyYnQR6k08uynxfauIIB0pDU1ssr05F8oyGiETwpn+8eXZMqPw==",
      "dev": true,
      "license": "MIT"
    },
    "node_modules/serverless-http": {
      "version": "4.0.0",
      "resolved": "https://registry.npmjs.org/serverless-http/-/serverless-http-4.0.0.tgz",
      "integrity": "sha512-KKl9h1+VApX9y2vHsVMogf906UXBwO3FDYiWPzqS0mCjEEx4Sx91JrssbWA7RN43HBuxrtoh8MkocZPvjyGnLg==",
      "license": "MIT",
      "engines": {
        "node": ">=12.0"
      }
    }
  }
}
